
Microsoft Visual Studio Solution File, Format Version 12.00
# Visual Studio Version 17
VisualStudioVersion = 17.2.32616.157
MinimumVisualStudioVersion = 10.0.40219.1
Project("{FAE04EC0-301F-11D3-BF4B-00C04F79EFBC}") = "BluetoothAudioCodecInspector", "BluetoothAudioCodecInspector\BluetoothAudioCodecInspector.csproj", "{0A91AD1D-2023-44D8-8787-026968B76680}"
EndProject
Global
	GlobalSection(SolutionConfigurationPlatforms) = preSolution
		Debug|Any CPU = Debug|Any CPU
		Release|Any CPU = Release|Any CPU
	EndGlobalSection
	GlobalSection(ProjectConfigurationPlatforms) = postSolution
		{0A91AD1D-2023-44D8-8787-026968B76680}.Debug|Any CPU.ActiveCfg = Debug|Any CPU
		{0A91AD1D-2023-44D8-8787-026968B76680}.Debug|Any CPU.Build.0 = Debug|Any CPU
		{0A91AD1D-2023-44D8-8787-026968B76680}.Release|Any CPU.ActiveCfg = Release|Any CPU
		{0A91AD1D-2023-44D8-8787-026968B76680}.Release|Any CPU.Build.0 = Release|Any CPU
	EndGlobalSection
	GlobalSection(SolutionProperties) = preSolution
		HideSolutionNode = FALSE
	EndGlobalSection
	GlobalSection(ExtensibilityGlobals) = postSolution
		SolutionGuid = {E84B2DF2-046D-425A-BB95-B70A73212401}
	EndGlobalSection
EndGlobal
